
Microsoft Visual Studio Solution File, Format Version 12.00
# Visual Studio Version 17
VisualStudioVersion = 17.14.36221.1 d17.14
MinimumVisualStudioVersion = 10.0.40219.1
Project("{FAE04EC0-301F-11D3-BF4B-00C04F79EFBC}") = "he_thong_dien_may", "he_thong_dien_may.csproj", "{E1C1250A-64F4-4DDE-8C8E-4999AC7D0870}"
EndProject
Global
	GlobalSection(SolutionConfigurationPlatforms) = preSolution
		Debug|Any CPU = Debug|Any CPU
		Release|Any CPU = Release|Any CPU
	EndGlobalSection
	GlobalSection(ProjectConfigurationPlatforms) = postSolution
		{E1C1250A-64F4-4DDE-8C8E-4999AC7D0870}.Debug|Any CPU.ActiveCfg = Debug|Any CPU
		{E1C1250A-64F4-4DDE-8C8E-4999AC7D0870}.Debug|Any CPU.Build.0 = Debug|Any CPU
		{E1C1250A-64F4-4DDE-8C8E-4999AC7D0870}.Release|Any CPU.ActiveCfg = Release|Any CPU
		{E1C1250A-64F4-4DDE-8C8E-4999AC7D0870}.Release|Any CPU.Build.0 = Release|Any CPU
	EndGlobalSection
	GlobalSection(SolutionProperties) = preSolution
		HideSolutionNode = FALSE
	EndGlobalSection
	GlobalSection(ExtensibilityGlobals) = postSolution
		SolutionGuid = {569F89FA-4E58-46E6-813F-6F2520178574}
	EndGlobalSection
EndGlobal
